
Microsoft Visual Studio Solution File, Format Version 12.00
# Visual Studio Version 16
VisualStudioVersion = 16.0.31729.503
MinimumVisualStudioVersion = 10.0.40219.1
Project("{9A19103F-16F7-4668-BE54-9A1E7A4F7556}") = "Lab.TestDesign", "Lab.TestDesign\Lab.TestDesign.csproj", "{EC3AA9FB-A8A3-48BE-836E-FE962D34DB06}"
EndProject
Project("{FAE04EC0-301F-11D3-BF4B-00C04F79EFBC}") = "Lab.TestService", "Lab.TestSerivce\Lab.TestService.csproj", "{2283F159-91B2-4F6A-B336-23847189B089}"
EndProject
Global
	GlobalSection(SolutionConfigurationPlatforms) = preSolution
		Debug|Any CPU = Debug|Any CPU
		Release|Any CPU = Release|Any CPU
	EndGlobalSection
	GlobalSection(ProjectConfigurationPlatforms) = postSolution
		{EC3AA9FB-A8A3-48BE-836E-FE962D34DB06}.Debug|Any CPU.ActiveCfg = Debug|Any CPU
		{EC3AA9FB-A8A3-48BE-836E-FE962D34DB06}.Debug|Any CPU.Build.0 = Debug|Any CPU
		{EC3AA9FB-A8A3-48BE-836E-FE962D34DB06}.Release|Any CPU.ActiveCfg = Release|Any CPU
		{EC3AA9FB-A8A3-48BE-836E-FE962D34DB06}.Release|Any CPU.Build.0 = Release|Any CPU
		{2283F159-91B2-4F6A-B336-23847189B089}.Debug|Any CPU.ActiveCfg = Debug|Any CPU
		{2283F159-91B2-4F6A-B336-23847189B089}.Debug|Any CPU.Build.0 = Debug|Any CPU
		{2283F159-91B2-4F6A-B336-23847189B089}.Release|Any CPU.ActiveCfg = Release|Any CPU
		{2283F159-91B2-4F6A-B336-23847189B089}.Release|Any CPU.Build.0 = Release|Any CPU
	EndGlobalSection
	GlobalSection(SolutionProperties) = preSolution
		HideSolutionNode = FALSE
	EndGlobalSection
	GlobalSection(ExtensibilityGlobals) = postSolution
		SolutionGuid = {FF8EC3EF-066E-448A-8AF3-4EED70FFBF4A}
	EndGlobalSection
EndGlobal
